
Microsoft Visual Studio Solution File, Format Version 12.00
# Visual Studio Version 16
VisualStudioVersion = 16.0.30621.155
MinimumVisualStudioVersion = 10.0.40219.1
Project("{9A19103F-16F7-4668-BE54-9A1E7A4F7556}") = "WebhookTestAPI", "WebhookTestAPI.csproj", "{9D281835-B5C4-48E0-A84D-74080286113B}"
EndProject
Global
	GlobalSection(SolutionConfigurationPlatforms) = preSolution
		Debug|Any CPU = Debug|Any CPU
		Release|Any CPU = Release|Any CPU
	EndGlobalSection
	GlobalSection(ProjectConfigurationPlatforms) = postSolution
		{9D281835-B5C4-48E0-A84D-74080286113B}.Debug|Any CPU.ActiveCfg = Debug|Any CPU
		{9D281835-B5C4-48E0-A84D-74080286113B}.Debug|Any CPU.Build.0 = Debug|Any CPU
		{9D281835-B5C4-48E0-A84D-74080286113B}.Release|Any CPU.ActiveCfg = Release|Any CPU
		{9D281835-B5C4-48E0-A84D-74080286113B}.Release|Any CPU.Build.0 = Release|Any CPU
	EndGlobalSection
	GlobalSection(SolutionProperties) = preSolution
		HideSolutionNode = FALSE
	EndGlobalSection
	GlobalSection(ExtensibilityGlobals) = postSolution
		SolutionGuid = {F21AF573-329C-4E1B-8F50-C8BA02CA053F}
	EndGlobalSection
EndGlobal
